# This file is automatically generated by rhiza. Do not edit it manually.
---
sha: e0d650fca38084fe7d0067f65b5d820e82703a79
repo: jebel-quant/rhiza
host: github
ref: main
include: []
exclude: []
templates:
  - core
  - tests
  - book
  - marimo
  - presentation
  - github
synced_at: '2026-03-02T03:22:22Z'
strategy: merge
